{
  "name": "main",
  "version": "1.0.0",
  "lockfileVersion": 1,
  "requires": true,
  "dependencies": {
    "package-a": {
      "version": "file:../modules/package-a"
    },
    "package-b": {
      "version": "file:../modules/package-b"
    },
    "package-c": {
      "version": "file:../modules/package-c"
    },
    "package-d": {
      "version": "file:../modules/package-d",
      "requires": {
        "underscore": "^1.9.1"
      }
    }
  }
}
